
Microsoft Visual Studio Solution File, Format Version 12.00
# Visual Studio Version 17
VisualStudioVersion = 17.14.37012.4 d17.14
MinimumVisualStudioVersion = 10.0.40219.1
Project("{FAE04EC0-301F-11D3-BF4B-00C04F79EFBC}") = "GitDemoApp", "GitDemoApp\GitDemoApp.csproj", "{87C4D1D8-8945-47A6-A2BE-3F4E0589AA48}"
EndProject
Global
	GlobalSection(SolutionConfigurationPlatforms) = preSolution
		Debug|Any CPU = Debug|Any CPU
		Release|Any CPU = Release|Any CPU
	EndGlobalSection
	GlobalSection(ProjectConfigurationPlatforms) = postSolution
		{87C4D1D8-8945-47A6-A2BE-3F4E0589AA48}.Debug|Any CPU.ActiveCfg = Debug|Any CPU
		{87C4D1D8-8945-47A6-A2BE-3F4E0589AA48}.Debug|Any CPU.Build.0 = Debug|Any CPU
		{87C4D1D8-8945-47A6-A2BE-3F4E0589AA48}.Release|Any CPU.ActiveCfg = Release|Any CPU
		{87C4D1D8-8945-47A6-A2BE-3F4E0589AA48}.Release|Any CPU.Build.0 = Release|Any CPU
	EndGlobalSection
	GlobalSection(SolutionProperties) = preSolution
		HideSolutionNode = FALSE
	EndGlobalSection
	GlobalSection(ExtensibilityGlobals) = postSolution
		SolutionGuid = {0A1D2E1B-3063-4439-B337-134799D83F56}
	EndGlobalSection
EndGlobal
